
Microsoft Visual Studio Solution File, Format Version 12.00
# Visual Studio Version 16
VisualStudioVersion = 16.0.29613.14
MinimumVisualStudioVersion = 10.0.40219.1
Project("{FAE04EC0-301F-11D3-BF4B-00C04F79EFBC}") = "PracticeDayThree", "PracticeDayThree.csproj", "{57C5B426-4E75-430F-84D9-DA47FFC53836}"
EndProject
Global
	GlobalSection(SolutionConfigurationPlatforms) = preSolution
		Debug|Any CPU = Debug|Any CPU
		Release|Any CPU = Release|Any CPU
	EndGlobalSection
	GlobalSection(ProjectConfigurationPlatforms) = postSolution
		{57C5B426-4E75-430F-84D9-DA47FFC53836}.Debug|Any CPU.ActiveCfg = Debug|Any CPU
		{57C5B426-4E75-430F-84D9-DA47FFC53836}.Debug|Any CPU.Build.0 = Debug|Any CPU
		{57C5B426-4E75-430F-84D9-DA47FFC53836}.Release|Any CPU.ActiveCfg = Release|Any CPU
		{57C5B426-4E75-430F-84D9-DA47FFC53836}.Release|Any CPU.Build.0 = Release|Any CPU
	EndGlobalSection
	GlobalSection(SolutionProperties) = preSolution
		HideSolutionNode = FALSE
	EndGlobalSection
	GlobalSection(ExtensibilityGlobals) = postSolution
		SolutionGuid = {219BF613-8570-4158-8365-1FFF9B616D03}
	EndGlobalSection
EndGlobal
